
Microsoft Visual Studio Solution File, Format Version 12.00
# Visual Studio Version 17
VisualStudioVersion = 17.6.33829.357
MinimumVisualStudioVersion = 10.0.40219.1
Project("{FAE04EC0-301F-11D3-BF4B-00C04F79EFBC}") = "Vendetta", "Vendetta\Vendetta.csproj", "{4B6246D1-71B8-418A-8D1D-489FE33CB049}"
EndProject
Global
	GlobalSection(SolutionConfigurationPlatforms) = preSolution
		Debug|Any CPU = Debug|Any CPU
		Release|Any CPU = Release|Any CPU
	EndGlobalSection
	GlobalSection(ProjectConfigurationPlatforms) = postSolution
		{4B6246D1-71B8-418A-8D1D-489FE33CB049}.Debug|Any CPU.ActiveCfg = Debug|Any CPU
		{4B6246D1-71B8-418A-8D1D-489FE33CB049}.Debug|Any CPU.Build.0 = Debug|Any CPU
		{4B6246D1-71B8-418A-8D1D-489FE33CB049}.Release|Any CPU.ActiveCfg = Release|Any CPU
		{4B6246D1-71B8-418A-8D1D-489FE33CB049}.Release|Any CPU.Build.0 = Release|Any CPU
	EndGlobalSection
	GlobalSection(SolutionProperties) = preSolution
		HideSolutionNode = FALSE
	EndGlobalSection
	GlobalSection(ExtensibilityGlobals) = postSolution
		SolutionGuid = {12CFBEA0-ADC2-4FE5-BC70-9966640FC5E2}
	EndGlobalSection
EndGlobal
